
Microsoft Visual Studio Solution File, Format Version 12.00
# Visual Studio Version 16
VisualStudioVersion = 16.0.31005.135
MinimumVisualStudioVersion = 10.0.40219.1
Project("{FAE04EC0-301F-11D3-BF4B-00C04F79EFBC}") = "Hotels.API", "Hotels.API\Hotels.API.csproj", "{B9D14812-015D-48A8-B6BE-EFA0D93D122C}"
EndProject
Global
	GlobalSection(SolutionConfigurationPlatforms) = preSolution
		Debug|Any CPU = Debug|Any CPU
		Release|Any CPU = Release|Any CPU
	EndGlobalSection
	GlobalSection(ProjectConfigurationPlatforms) = postSolution
		{B9D14812-015D-48A8-B6BE-EFA0D93D122C}.Debug|Any CPU.ActiveCfg = Debug|Any CPU
		{B9D14812-015D-48A8-B6BE-EFA0D93D122C}.Debug|Any CPU.Build.0 = Debug|Any CPU
		{B9D14812-015D-48A8-B6BE-EFA0D93D122C}.Release|Any CPU.ActiveCfg = Release|Any CPU
		{B9D14812-015D-48A8-B6BE-EFA0D93D122C}.Release|Any CPU.Build.0 = Release|Any CPU
	EndGlobalSection
	GlobalSection(SolutionProperties) = preSolution
		HideSolutionNode = FALSE
	EndGlobalSection
	GlobalSection(ExtensibilityGlobals) = postSolution
		SolutionGuid = {35C25BC5-9AC3-49D9-ACAE-4E31DF6E8EDA}
	EndGlobalSection
EndGlobal
